
Microsoft Visual Studio Solution File, Format Version 12.00
# Visual Studio Version 17
VisualStudioVersion = 17.1.32328.378
MinimumVisualStudioVersion = 10.0.40219.1
Project("{9A19103F-16F7-4668-BE54-9A1E7A4F7556}") = "Application", "Lab1\Application.csproj", "{A617579F-39A0-491A-9193-7719E2533CEE}"
EndProject
Project("{9A19103F-16F7-4668-BE54-9A1E7A4F7556}") = "BuildingsCollection", "BuildingsCollection\BuildingsCollection.csproj", "{761639E4-3D58-4DCD-A911-36432DE77B54}"
EndProject
Project("{9A19103F-16F7-4668-BE54-9A1E7A4F7556}") = "City", "CityService\City.csproj", "{7BC39336-0390-4B02-8BBF-9B39A528914D}"
EndProject
Global
	GlobalSection(SolutionConfigurationPlatforms) = preSolution
		Debug|Any CPU = Debug|Any CPU
		Release|Any CPU = Release|Any CPU
	EndGlobalSection
	GlobalSection(ProjectConfigurationPlatforms) = postSolution
		{A617579F-39A0-491A-9193-7719E2533CEE}.Debug|Any CPU.ActiveCfg = Debug|Any CPU
		{A617579F-39A0-491A-9193-7719E2533CEE}.Debug|Any CPU.Build.0 = Debug|Any CPU
		{A617579F-39A0-491A-9193-7719E2533CEE}.Release|Any CPU.ActiveCfg = Release|Any CPU
		{A617579F-39A0-491A-9193-7719E2533CEE}.Release|Any CPU.Build.0 = Release|Any CPU
		{761639E4-3D58-4DCD-A911-36432DE77B54}.Debug|Any CPU.ActiveCfg = Debug|Any CPU
		{761639E4-3D58-4DCD-A911-36432DE77B54}.Debug|Any CPU.Build.0 = Debug|Any CPU
		{761639E4-3D58-4DCD-A911-36432DE77B54}.Release|Any CPU.ActiveCfg = Release|Any CPU
		{761639E4-3D58-4DCD-A911-36432DE77B54}.Release|Any CPU.Build.0 = Release|Any CPU
		{7BC39336-0390-4B02-8BBF-9B39A528914D}.Debug|Any CPU.ActiveCfg = Debug|Any CPU
		{7BC39336-0390-4B02-8BBF-9B39A528914D}.Debug|Any CPU.Build.0 = Debug|Any CPU
		{7BC39336-0390-4B02-8BBF-9B39A528914D}.Release|Any CPU.ActiveCfg = Release|Any CPU
		{7BC39336-0390-4B02-8BBF-9B39A528914D}.Release|Any CPU.Build.0 = Release|Any CPU
	EndGlobalSection
	GlobalSection(SolutionProperties) = preSolution
		HideSolutionNode = FALSE
	EndGlobalSection
	GlobalSection(ExtensibilityGlobals) = postSolution
		SolutionGuid = {B8B86DB4-4E6D-404A-90E3-76086FFB0944}
	EndGlobalSection
EndGlobal
